
Microsoft Visual Studio Solution File, Format Version 12.00
# Visual Studio Version 17
VisualStudioVersion = 17.0.31903.59
MinimumVisualStudioVersion = 10.0.40219.1
Project("{F2A71F9B-5D33-465A-A702-920D77279786}") = "AttendanceRecord.Domain", "AttendanceRecord.Domain\AttendanceRecord.Domain.fsproj", "{E7F44464-423D-4F3A-8DC3-1FF1325E89DB}"
EndProject
Project("{F2A71F9B-5D33-465A-A702-920D77279786}") = "AttendanceRecord.Application", "AttendanceRecord.Application\AttendanceRecord.Application.fsproj", "{1CF85FE8-46AE-4E9E-9F42-3C134B3B72D3}"
EndProject
Project("{FAE04EC0-301F-11D3-BF4B-00C04F79EFBC}") = "AttendanceRecord.Persistence", "AttendanceRecord.Persistence\AttendanceRecord.Persistence.csproj", "{5690D3C3-2518-48F6-836D-1593DCF654DE}"
EndProject
Project("{F2A71F9B-5D33-465A-A702-920D77279786}") = "AttendanceRecord.Infrastructure", "AttendanceRecord.Infrastructure\AttendanceRecord.Infrastructure.fsproj", "{344DAE01-8773-417C-8194-E2F3EF275D96}"
EndProject
Global
	GlobalSection(SolutionConfigurationPlatforms) = preSolution
		Debug|Any CPU = Debug|Any CPU
		Debug|x64 = Debug|x64
		Debug|x86 = Debug|x86
		Release|Any CPU = Release|Any CPU
		Release|x64 = Release|x64
		Release|x86 = Release|x86
	EndGlobalSection
	GlobalSection(ProjectConfigurationPlatforms) = postSolution
		{E7F44464-423D-4F3A-8DC3-1FF1325E89DB}.Debug|Any CPU.ActiveCfg = Debug|Any CPU
		{E7F44464-423D-4F3A-8DC3-1FF1325E89DB}.Debug|Any CPU.Build.0 = Debug|Any CPU
		{E7F44464-423D-4F3A-8DC3-1FF1325E89DB}.Debug|x64.ActiveCfg = Debug|Any CPU
		{E7F44464-423D-4F3A-8DC3-1FF1325E89DB}.Debug|x64.Build.0 = Debug|Any CPU
		{E7F44464-423D-4F3A-8DC3-1FF1325E89DB}.Debug|x86.ActiveCfg = Debug|Any CPU
		{E7F44464-423D-4F3A-8DC3-1FF1325E89DB}.Debug|x86.Build.0 = Debug|Any CPU
		{E7F44464-423D-4F3A-8DC3-1FF1325E89DB}.Release|Any CPU.ActiveCfg = Release|Any CPU
		{E7F44464-423D-4F3A-8DC3-1FF1325E89DB}.Release|Any CPU.Build.0 = Release|Any CPU
		{E7F44464-423D-4F3A-8DC3-1FF1325E89DB}.Release|x64.ActiveCfg = Release|Any CPU
		{E7F44464-423D-4F3A-8DC3-1FF1325E89DB}.Release|x64.Build.0 = Release|Any CPU
		{E7F44464-423D-4F3A-8DC3-1FF1325E89DB}.Release|x86.ActiveCfg = Release|Any CPU
		{E7F44464-423D-4F3A-8DC3-1FF1325E89DB}.Release|x86.Build.0 = Release|Any CPU
		{1CF85FE8-46AE-4E9E-9F42-3C134B3B72D3}.Debug|Any CPU.ActiveCfg = Debug|Any CPU
		{1CF85FE8-46AE-4E9E-9F42-3C134B3B72D3}.Debug|Any CPU.Build.0 = Debug|Any CPU
		{1CF85FE8-46AE-4E9E-9F42-3C134B3B72D3}.Debug|x64.ActiveCfg = Debug|Any CPU
		{1CF85FE8-46AE-4E9E-9F42-3C134B3B72D3}.Debug|x64.Build.0 = Debug|Any CPU
		{1CF85FE8-46AE-4E9E-9F42-3C134B3B72D3}.Debug|x86.ActiveCfg = Debug|Any CPU
		{1CF85FE8-46AE-4E9E-9F42-3C134B3B72D3}.Debug|x86.Build.0 = Debug|Any CPU
		{1CF85FE8-46AE-4E9E-9F42-3C134B3B72D3}.Release|Any CPU.ActiveCfg = Release|Any CPU
		{1CF85FE8-46AE-4E9E-9F42-3C134B3B72D3}.Release|Any CPU.Build.0 = Release|Any CPU
		{1CF85FE8-46AE-4E9E-9F42-3C134B3B72D3}.Release|x64.ActiveCfg = Release|Any CPU
		{1CF85FE8-46AE-4E9E-9F42-3C134B3B72D3}.Release|x64.Build.0 = Release|Any CPU
		{1CF85FE8-46AE-4E9E-9F42-3C134B3B72D3}.Release|x86.ActiveCfg = Release|Any CPU
		{1CF85FE8-46AE-4E9E-9F42-3C134B3B72D3}.Release|x86.Build.0 = Release|Any CPU
		{5690D3C3-2518-48F6-836D-1593DCF654DE}.Debug|Any CPU.ActiveCfg = Debug|Any CPU
		{5690D3C3-2518-48F6-836D-1593DCF654DE}.Debug|Any CPU.Build.0 = Debug|Any CPU
		{5690D3C3-2518-48F6-836D-1593DCF654DE}.Debug|x64.ActiveCfg = Debug|Any CPU
		{5690D3C3-2518-48F6-836D-1593DCF654DE}.Debug|x64.Build.0 = Debug|Any CPU
		{5690D3C3-2518-48F6-836D-1593DCF654DE}.Debug|x86.ActiveCfg = Debug|Any CPU
		{5690D3C3-2518-48F6-836D-1593DCF654DE}.Debug|x86.Build.0 = Debug|Any CPU
		{5690D3C3-2518-48F6-836D-1593DCF654DE}.Release|Any CPU.ActiveCfg = Release|Any CPU
		{5690D3C3-2518-48F6-836D-1593DCF654DE}.Release|Any CPU.Build.0 = Release|Any CPU
		{5690D3C3-2518-48F6-836D-1593DCF654DE}.Release|x64.ActiveCfg = Release|Any CPU
		{5690D3C3-2518-48F6-836D-1593DCF654DE}.Release|x64.Build.0 = Release|Any CPU
		{5690D3C3-2518-48F6-836D-1593DCF654DE}.Release|x86.ActiveCfg = Release|Any CPU
		{5690D3C3-2518-48F6-836D-1593DCF654DE}.Release|x86.Build.0 = Release|Any CPU
		{344DAE01-8773-417C-8194-E2F3EF275D96}.Debug|Any CPU.ActiveCfg = Debug|Any CPU
		{344DAE01-8773-417C-8194-E2F3EF275D96}.Debug|Any CPU.Build.0 = Debug|Any CPU
		{344DAE01-8773-417C-8194-E2F3EF275D96}.Debug|x64.ActiveCfg = Debug|Any CPU
		{344DAE01-8773-417C-8194-E2F3EF275D96}.Debug|x64.Build.0 = Debug|Any CPU
		{344DAE01-8773-417C-8194-E2F3EF275D96}.Debug|x86.ActiveCfg = Debug|Any CPU
		{344DAE01-8773-417C-8194-E2F3EF275D96}.Debug|x86.Build.0 = Debug|Any CPU
		{344DAE01-8773-417C-8194-E2F3EF275D96}.Release|Any CPU.ActiveCfg = Release|Any CPU
		{344DAE01-8773-417C-8194-E2F3EF275D96}.Release|Any CPU.Build.0 = Release|Any CPU
		{344DAE01-8773-417C-8194-E2F3EF275D96}.Release|x64.ActiveCfg = Release|Any CPU
		{344DAE01-8773-417C-8194-E2F3EF275D96}.Release|x64.Build.0 = Release|Any CPU
		{344DAE01-8773-417C-8194-E2F3EF275D96}.Release|x86.ActiveCfg = Release|Any CPU
		{344DAE01-8773-417C-8194-E2F3EF275D96}.Release|x86.Build.0 = Release|Any CPU
	EndGlobalSection
	GlobalSection(SolutionProperties) = preSolution
		HideSolutionNode = FALSE
	EndGlobalSection
EndGlobal
